
Microsoft Visual Studio Solution File, Format Version 12.00
Project("{FAE04EC0-301F-11D3-BF4B-00C04F79EFBC}") = "TestProject1", "TestProject1\TestProject1.csproj", "{43D28347-0F09-427E-AD7D-67D1AA8AB3B2}"
EndProject
Project("{FAE04EC0-301F-11D3-BF4B-00C04F79EFBC}") = "WebAppMVC", "WebAppMVC\WebAppMVC.csproj", "{E5790A50-5929-46D8-A42B-B703715952AD}"
EndProject
Project("{FAE04EC0-301F-11D3-BF4B-00C04F79EFBC}") = "HttpModels", "HttpModels\HttpModels.csproj", "{7C884743-6E62-49E2-AB5B-97768522C72E}"
EndProject
Project("{FAE04EC0-301F-11D3-BF4B-00C04F79EFBC}") = "WebApplication1", "WebApplication1\WebApplication1.csproj", "{A06DE727-224B-4AF1-A2C3-79DE34E07635}"
EndProject
Project("{FAE04EC0-301F-11D3-BF4B-00C04F79EFBC}") = "BlazorClient_frontend", "BlazorClient_frontend\BlazorClient_frontend.csproj", "{9020D41D-185C-4D7F-9FAE-C71CE1DA7760}"
EndProject
Project("{FAE04EC0-301F-11D3-BF4B-00C04F79EFBC}") = "BlazorApp", "BlazorApp\BlazorApp.csproj", "{62D67A91-94F5-4469-BCC6-31418A6C02F5}"
EndProject
Project("{FAE04EC0-301F-11D3-BF4B-00C04F79EFBC}") = "HttpApiServer_backend", "HttpApiServer_backend\HttpApiServer_backend.csproj", "{0FD95401-F3FE-4211-ACFD-2B8200B4ACAE}"
EndProject
Project("{FAE04EC0-301F-11D3-BF4B-00C04F79EFBC}") = "HttpApiClient", "HttpApiClient\HttpApiClient.csproj", "{EF65FDBE-7CA2-48B3-BACA-0257DA0FEFA5}"
EndProject
Global
	GlobalSection(SolutionConfigurationPlatforms) = preSolution
		Debug|Any CPU = Debug|Any CPU
		Release|Any CPU = Release|Any CPU
	EndGlobalSection
	GlobalSection(ProjectConfigurationPlatforms) = postSolution
		{43D28347-0F09-427E-AD7D-67D1AA8AB3B2}.Debug|Any CPU.ActiveCfg = Debug|Any CPU
		{43D28347-0F09-427E-AD7D-67D1AA8AB3B2}.Debug|Any CPU.Build.0 = Debug|Any CPU
		{43D28347-0F09-427E-AD7D-67D1AA8AB3B2}.Release|Any CPU.ActiveCfg = Release|Any CPU
		{43D28347-0F09-427E-AD7D-67D1AA8AB3B2}.Release|Any CPU.Build.0 = Release|Any CPU
		{E5790A50-5929-46D8-A42B-B703715952AD}.Debug|Any CPU.ActiveCfg = Debug|Any CPU
		{E5790A50-5929-46D8-A42B-B703715952AD}.Debug|Any CPU.Build.0 = Debug|Any CPU
		{E5790A50-5929-46D8-A42B-B703715952AD}.Release|Any CPU.ActiveCfg = Release|Any CPU
		{E5790A50-5929-46D8-A42B-B703715952AD}.Release|Any CPU.Build.0 = Release|Any CPU
		{7C884743-6E62-49E2-AB5B-97768522C72E}.Debug|Any CPU.ActiveCfg = Debug|Any CPU
		{7C884743-6E62-49E2-AB5B-97768522C72E}.Debug|Any CPU.Build.0 = Debug|Any CPU
		{7C884743-6E62-49E2-AB5B-97768522C72E}.Release|Any CPU.ActiveCfg = Release|Any CPU
		{7C884743-6E62-49E2-AB5B-97768522C72E}.Release|Any CPU.Build.0 = Release|Any CPU
		{A06DE727-224B-4AF1-A2C3-79DE34E07635}.Debug|Any CPU.ActiveCfg = Debug|Any CPU
		{A06DE727-224B-4AF1-A2C3-79DE34E07635}.Debug|Any CPU.Build.0 = Debug|Any CPU
		{A06DE727-224B-4AF1-A2C3-79DE34E07635}.Release|Any CPU.ActiveCfg = Release|Any CPU
		{A06DE727-224B-4AF1-A2C3-79DE34E07635}.Release|Any CPU.Build.0 = Release|Any CPU
		{9020D41D-185C-4D7F-9FAE-C71CE1DA7760}.Debug|Any CPU.ActiveCfg = Debug|Any CPU
		{9020D41D-185C-4D7F-9FAE-C71CE1DA7760}.Debug|Any CPU.Build.0 = Debug|Any CPU
		{9020D41D-185C-4D7F-9FAE-C71CE1DA7760}.Release|Any CPU.ActiveCfg = Release|Any CPU
		{9020D41D-185C-4D7F-9FAE-C71CE1DA7760}.Release|Any CPU.Build.0 = Release|Any CPU
		{62D67A91-94F5-4469-BCC6-31418A6C02F5}.Debug|Any CPU.ActiveCfg = Debug|Any CPU
		{62D67A91-94F5-4469-BCC6-31418A6C02F5}.Debug|Any CPU.Build.0 = Debug|Any CPU
		{62D67A91-94F5-4469-BCC6-31418A6C02F5}.Release|Any CPU.ActiveCfg = Release|Any CPU
		{62D67A91-94F5-4469-BCC6-31418A6C02F5}.Release|Any CPU.Build.0 = Release|Any CPU
		{0FD95401-F3FE-4211-ACFD-2B8200B4ACAE}.Debug|Any CPU.ActiveCfg = Debug|Any CPU
		{0FD95401-F3FE-4211-ACFD-2B8200B4ACAE}.Debug|Any CPU.Build.0 = Debug|Any CPU
		{0FD95401-F3FE-4211-ACFD-2B8200B4ACAE}.Release|Any CPU.ActiveCfg = Release|Any CPU
		{0FD95401-F3FE-4211-ACFD-2B8200B4ACAE}.Release|Any CPU.Build.0 = Release|Any CPU
		{EF65FDBE-7CA2-48B3-BACA-0257DA0FEFA5}.Debug|Any CPU.ActiveCfg = Debug|Any CPU
		{EF65FDBE-7CA2-48B3-BACA-0257DA0FEFA5}.Debug|Any CPU.Build.0 = Debug|Any CPU
		{EF65FDBE-7CA2-48B3-BACA-0257DA0FEFA5}.Release|Any CPU.ActiveCfg = Release|Any CPU
		{EF65FDBE-7CA2-48B3-BACA-0257DA0FEFA5}.Release|Any CPU.Build.0 = Release|Any CPU
	EndGlobalSection
EndGlobal
